{
  "requires": true,
  "lockfileVersion": 1,
  "dependencies": {
    "bulma": {
      "version": "0.7.2",
      "resolved": "https://registry.npmjs.org/bulma/-/bulma-0.7.2.tgz",
      "integrity": "sha512-6JHEu8U/1xsyOst/El5ImLcZIiE2JFXgvrz8GGWbnDLwTNRPJzdAM0aoUM1Ns0avALcVb6KZz9NhzmU53dGDcQ=="
    },
    "sweetalert2": {
      "version": "8.2.3",
      "resolved": "https://registry.npmjs.org/sweetalert2/-/sweetalert2-8.2.3.tgz",
      "integrity": "sha512-QE3V+jNDKlv9OF+SvSsh5M3NJnNX289hs+lPhTIRGFEhzbjoYXapHXYTm0OJvUQeZJz9vYCcaPpJ8Laylid31g=="
    }
  }
}
